
Microsoft Visual Studio Solution File, Format Version 12.00
# Visual Studio Version 17
VisualStudioVersion = 17.7.34024.191
MinimumVisualStudioVersion = 10.0.40219.1
Project("{9A19103F-16F7-4668-BE54-9A1E7A4F7556}") = "Homework1", "Otus\Homework1.csproj", "{7405DB6E-F85A-40A7-BC1B-4E6E544073BB}"
EndProject
Project("{9A19103F-16F7-4668-BE54-9A1E7A4F7556}") = "Homework2", "homework2\Homework2.csproj", "{24CA3F90-1B84-4D90-B88C-496C10C1E765}"
EndProject
Project("{9A19103F-16F7-4668-BE54-9A1E7A4F7556}") = "Homework3", "Homework3\Homework3.csproj", "{D5947F67-8670-4CD9-A3C6-01FF6CA92D2E}"
EndProject
Project("{9A19103F-16F7-4668-BE54-9A1E7A4F7556}") = "Homework4", "Homework4\Homework4.csproj", "{286085DE-79A8-4039-84BB-2066540D4DCB}"
EndProject
Project("{9A19103F-16F7-4668-BE54-9A1E7A4F7556}") = "Homework 5", "Homework 5\Homework 5.csproj", "{0C227092-3A68-466D-A797-075EB7284772}"
EndProject
Project("{9A19103F-16F7-4668-BE54-9A1E7A4F7556}") = "Homework 7", "Homework 7\Homework 7.csproj", "{249B778C-0779-4A41-8065-6439D461B5ED}"
EndProject
Project("{9A19103F-16F7-4668-BE54-9A1E7A4F7556}") = "Homework 8", "Homework 8\Homework 8.csproj", "{F8D7109C-75B7-42D8-8D37-BBACC0B7A92C}"
EndProject
Project("{9A19103F-16F7-4668-BE54-9A1E7A4F7556}") = "Homework 6", "Homework 6\Homework 6.csproj", "{5916A29F-B486-463A-A406-68A74554F411}"
EndProject
Project("{9A19103F-16F7-4668-BE54-9A1E7A4F7556}") = "Homework 9", "Homework 9\Homework 9.csproj", "{B58A47E4-7FCD-4340-9199-BF14B96B52E7}"
EndProject
Project("{9A19103F-16F7-4668-BE54-9A1E7A4F7556}") = "Homework10", "Homework10\Homework10.csproj", "{D62179FC-1D35-4616-AF64-B973721877A1}"
EndProject
Project("{FAE04EC0-301F-11D3-BF4B-00C04F79EFBC}") = "Homework 11", "Homework 11\Homework 11.csproj", "{342B2A82-C949-4DD1-97E6-D1B810BBBD39}"
EndProject
Global
	GlobalSection(SolutionConfigurationPlatforms) = preSolution
		Debug|Any CPU = Debug|Any CPU
		Release|Any CPU = Release|Any CPU
	EndGlobalSection
	GlobalSection(ProjectConfigurationPlatforms) = postSolution
		{7405DB6E-F85A-40A7-BC1B-4E6E544073BB}.Debug|Any CPU.ActiveCfg = Debug|Any CPU
		{7405DB6E-F85A-40A7-BC1B-4E6E544073BB}.Debug|Any CPU.Build.0 = Debug|Any CPU
		{7405DB6E-F85A-40A7-BC1B-4E6E544073BB}.Release|Any CPU.ActiveCfg = Release|Any CPU
		{7405DB6E-F85A-40A7-BC1B-4E6E544073BB}.Release|Any CPU.Build.0 = Release|Any CPU
		{24CA3F90-1B84-4D90-B88C-496C10C1E765}.Debug|Any CPU.ActiveCfg = Debug|Any CPU
		{24CA3F90-1B84-4D90-B88C-496C10C1E765}.Debug|Any CPU.Build.0 = Debug|Any CPU
		{24CA3F90-1B84-4D90-B88C-496C10C1E765}.Release|Any CPU.ActiveCfg = Release|Any CPU
		{24CA3F90-1B84-4D90-B88C-496C10C1E765}.Release|Any CPU.Build.0 = Release|Any CPU
		{D5947F67-8670-4CD9-A3C6-01FF6CA92D2E}.Debug|Any CPU.ActiveCfg = Debug|Any CPU
		{D5947F67-8670-4CD9-A3C6-01FF6CA92D2E}.Debug|Any CPU.Build.0 = Debug|Any CPU
		{D5947F67-8670-4CD9-A3C6-01FF6CA92D2E}.Release|Any CPU.ActiveCfg = Release|Any CPU
		{D5947F67-8670-4CD9-A3C6-01FF6CA92D2E}.Release|Any CPU.Build.0 = Release|Any CPU
		{286085DE-79A8-4039-84BB-2066540D4DCB}.Debug|Any CPU.ActiveCfg = Debug|Any CPU
		{286085DE-79A8-4039-84BB-2066540D4DCB}.Debug|Any CPU.Build.0 = Debug|Any CPU
		{286085DE-79A8-4039-84BB-2066540D4DCB}.Release|Any CPU.ActiveCfg = Release|Any CPU
		{286085DE-79A8-4039-84BB-2066540D4DCB}.Release|Any CPU.Build.0 = Release|Any CPU
		{0C227092-3A68-466D-A797-075EB7284772}.Debug|Any CPU.ActiveCfg = Debug|Any CPU
		{0C227092-3A68-466D-A797-075EB7284772}.Debug|Any CPU.Build.0 = Debug|Any CPU
		{0C227092-3A68-466D-A797-075EB7284772}.Release|Any CPU.ActiveCfg = Release|Any CPU
		{0C227092-3A68-466D-A797-075EB7284772}.Release|Any CPU.Build.0 = Release|Any CPU
		{249B778C-0779-4A41-8065-6439D461B5ED}.Debug|Any CPU.ActiveCfg = Debug|Any CPU
		{249B778C-0779-4A41-8065-6439D461B5ED}.Debug|Any CPU.Build.0 = Debug|Any CPU
		{249B778C-0779-4A41-8065-6439D461B5ED}.Release|Any CPU.ActiveCfg = Release|Any CPU
		{249B778C-0779-4A41-8065-6439D461B5ED}.Release|Any CPU.Build.0 = Release|Any CPU
		{F8D7109C-75B7-42D8-8D37-BBACC0B7A92C}.Debug|Any CPU.ActiveCfg = Debug|Any CPU
		{F8D7109C-75B7-42D8-8D37-BBACC0B7A92C}.Debug|Any CPU.Build.0 = Debug|Any CPU
		{F8D7109C-75B7-42D8-8D37-BBACC0B7A92C}.Release|Any CPU.ActiveCfg = Release|Any CPU
		{F8D7109C-75B7-42D8-8D37-BBACC0B7A92C}.Release|Any CPU.Build.0 = Release|Any CPU
		{5916A29F-B486-463A-A406-68A74554F411}.Debug|Any CPU.ActiveCfg = Debug|Any CPU
		{5916A29F-B486-463A-A406-68A74554F411}.Debug|Any CPU.Build.0 = Debug|Any CPU
		{5916A29F-B486-463A-A406-68A74554F411}.Release|Any CPU.ActiveCfg = Release|Any CPU
		{5916A29F-B486-463A-A406-68A74554F411}.Release|Any CPU.Build.0 = Release|Any CPU
		{B58A47E4-7FCD-4340-9199-BF14B96B52E7}.Debug|Any CPU.ActiveCfg = Debug|Any CPU
		{B58A47E4-7FCD-4340-9199-BF14B96B52E7}.Debug|Any CPU.Build.0 = Debug|Any CPU
		{B58A47E4-7FCD-4340-9199-BF14B96B52E7}.Release|Any CPU.ActiveCfg = Release|Any CPU
		{B58A47E4-7FCD-4340-9199-BF14B96B52E7}.Release|Any CPU.Build.0 = Release|Any CPU
		{D62179FC-1D35-4616-AF64-B973721877A1}.Debug|Any CPU.ActiveCfg = Debug|Any CPU
		{D62179FC-1D35-4616-AF64-B973721877A1}.Debug|Any CPU.Build.0 = Debug|Any CPU
		{D62179FC-1D35-4616-AF64-B973721877A1}.Release|Any CPU.ActiveCfg = Release|Any CPU
		{D62179FC-1D35-4616-AF64-B973721877A1}.Release|Any CPU.Build.0 = Release|Any CPU
		{342B2A82-C949-4DD1-97E6-D1B810BBBD39}.Debug|Any CPU.ActiveCfg = Debug|Any CPU
		{342B2A82-C949-4DD1-97E6-D1B810BBBD39}.Debug|Any CPU.Build.0 = Debug|Any CPU
		{342B2A82-C949-4DD1-97E6-D1B810BBBD39}.Release|Any CPU.ActiveCfg = Release|Any CPU
		{342B2A82-C949-4DD1-97E6-D1B810BBBD39}.Release|Any CPU.Build.0 = Release|Any CPU
	EndGlobalSection
	GlobalSection(SolutionProperties) = preSolution
		HideSolutionNode = FALSE
	EndGlobalSection
	GlobalSection(ExtensibilityGlobals) = postSolution
		SolutionGuid = {7EDA3A58-F66C-40D4-A89C-7F6029842ADA}
	EndGlobalSection
EndGlobal
