
Microsoft Visual Studio Solution File, Format Version 12.00
# Visual Studio Version 16
VisualStudioVersion = 16.0.33529.622
MinimumVisualStudioVersion = 10.0.40219.1
Project("{FAE04EC0-301F-11D3-BF4B-00C04F79EFBC}") = "Otus", "Otus\Otus.csproj", "{7405DB6E-F85A-40A7-BC1B-4E6E544073BB}"
EndProject
Global
	GlobalSection(SolutionConfigurationPlatforms) = preSolution
		Debug|Any CPU = Debug|Any CPU
		Release|Any CPU = Release|Any CPU
	EndGlobalSection
	GlobalSection(ProjectConfigurationPlatforms) = postSolution
		{7405DB6E-F85A-40A7-BC1B-4E6E544073BB}.Debug|Any CPU.ActiveCfg = Debug|Any CPU
		{7405DB6E-F85A-40A7-BC1B-4E6E544073BB}.Debug|Any CPU.Build.0 = Debug|Any CPU
		{7405DB6E-F85A-40A7-BC1B-4E6E544073BB}.Release|Any CPU.ActiveCfg = Release|Any CPU
		{7405DB6E-F85A-40A7-BC1B-4E6E544073BB}.Release|Any CPU.Build.0 = Release|Any CPU
	EndGlobalSection
	GlobalSection(SolutionProperties) = preSolution
		HideSolutionNode = FALSE
	EndGlobalSection
	GlobalSection(ExtensibilityGlobals) = postSolution
		SolutionGuid = {7EDA3A58-F66C-40D4-A89C-7F6029842ADA}
	EndGlobalSection
EndGlobal
